
Microsoft Visual Studio Solution File, Format Version 12.00
# Visual Studio 15
VisualStudioVersion = 15.0.27130.0
MinimumVisualStudioVersion = 10.0.40219.1
Project("{FAE04EC0-301F-11D3-BF4B-00C04F79EFBC}") = "EfCodeFirst", "EfCodeFirst\EfCodeFirst.csproj", "{81DC107E-58FB-4F78-993D-E704CFA849B5}"
EndProject
Project("{FAE04EC0-301F-11D3-BF4B-00C04F79EFBC}") = "EfCodeFirstUsers", "EfCodeFirstUsers\EfCodeFirstUsers.csproj", "{09007F08-C308-47AD-8544-521A986075CA}"
EndProject
Global
	GlobalSection(SolutionConfigurationPlatforms) = preSolution
		Debug|Any CPU = Debug|Any CPU
		Release|Any CPU = Release|Any CPU
	EndGlobalSection
	GlobalSection(ProjectConfigurationPlatforms) = postSolution
		{81DC107E-58FB-4F78-993D-E704CFA849B5}.Debug|Any CPU.ActiveCfg = Debug|Any CPU
		{81DC107E-58FB-4F78-993D-E704CFA849B5}.Debug|Any CPU.Build.0 = Debug|Any CPU
		{81DC107E-58FB-4F78-993D-E704CFA849B5}.Release|Any CPU.ActiveCfg = Release|Any CPU
		{81DC107E-58FB-4F78-993D-E704CFA849B5}.Release|Any CPU.Build.0 = Release|Any CPU
		{09007F08-C308-47AD-8544-521A986075CA}.Debug|Any CPU.ActiveCfg = Debug|Any CPU
		{09007F08-C308-47AD-8544-521A986075CA}.Debug|Any CPU.Build.0 = Debug|Any CPU
		{09007F08-C308-47AD-8544-521A986075CA}.Release|Any CPU.ActiveCfg = Release|Any CPU
		{09007F08-C308-47AD-8544-521A986075CA}.Release|Any CPU.Build.0 = Release|Any CPU
	EndGlobalSection
	GlobalSection(SolutionProperties) = preSolution
		HideSolutionNode = FALSE
	EndGlobalSection
	GlobalSection(ExtensibilityGlobals) = postSolution
		SolutionGuid = {726825BD-E5FB-422D-85B0-784990B759F8}
	EndGlobalSection
EndGlobal
